
Microsoft Visual Studio Solution File, Format Version 12.00
# Visual Studio 15
VisualStudioVersion = 15.0.27130.2036
MinimumVisualStudioVersion = 10.0.40219.1
Project("{FAE04EC0-301F-11D3-BF4B-00C04F79EFBC}") = "Course", "Course\Course.csproj", "{5A8A7955-B918-465D-8279-14506BE699AD}"
EndProject
Global
	GlobalSection(SolutionConfigurationPlatforms) = preSolution
		Debug|Any CPU = Debug|Any CPU
		Release|Any CPU = Release|Any CPU
	EndGlobalSection
	GlobalSection(ProjectConfigurationPlatforms) = postSolution
		{5A8A7955-B918-465D-8279-14506BE699AD}.Debug|Any CPU.ActiveCfg = Debug|Any CPU
		{5A8A7955-B918-465D-8279-14506BE699AD}.Debug|Any CPU.Build.0 = Debug|Any CPU
		{5A8A7955-B918-465D-8279-14506BE699AD}.Release|Any CPU.ActiveCfg = Release|Any CPU
		{5A8A7955-B918-465D-8279-14506BE699AD}.Release|Any CPU.Build.0 = Release|Any CPU
	EndGlobalSection
	GlobalSection(SolutionProperties) = preSolution
		HideSolutionNode = FALSE
	EndGlobalSection
	GlobalSection(ExtensibilityGlobals) = postSolution
		SolutionGuid = {72993CAE-219A-4A63-AE46-C693E3E43164}
	EndGlobalSection
EndGlobal
